
Microsoft Visual Studio Solution File, Format Version 12.00
# Visual Studio Version 17
VisualStudioVersion = 17.10.34607.79
MinimumVisualStudioVersion = 10.0.40219.1
Project("{FAE04EC0-301F-11D3-BF4B-00C04F79EFBC}") = "StoryWave", "StoryWave\StoryWave.csproj", "{70C60FAD-AE22-465F-BB6B-708F4B6B2ABB}"
EndProject
Project("{FAE04EC0-301F-11D3-BF4B-00C04F79EFBC}") = "StoryWave.Client", "StoryWave.Client\StoryWave.Client.csproj", "{39C0E422-37AB-452E-BC6F-EC1363037F32}"
EndProject
Global
	GlobalSection(SolutionConfigurationPlatforms) = preSolution
		Debug|Any CPU = Debug|Any CPU
		Release|Any CPU = Release|Any CPU
	EndGlobalSection
	GlobalSection(ProjectConfigurationPlatforms) = postSolution
		{70C60FAD-AE22-465F-BB6B-708F4B6B2ABB}.Debug|Any CPU.ActiveCfg = Debug|Any CPU
		{70C60FAD-AE22-465F-BB6B-708F4B6B2ABB}.Debug|Any CPU.Build.0 = Debug|Any CPU
		{70C60FAD-AE22-465F-BB6B-708F4B6B2ABB}.Release|Any CPU.ActiveCfg = Release|Any CPU
		{70C60FAD-AE22-465F-BB6B-708F4B6B2ABB}.Release|Any CPU.Build.0 = Release|Any CPU
		{39C0E422-37AB-452E-BC6F-EC1363037F32}.Debug|Any CPU.ActiveCfg = Debug|Any CPU
		{39C0E422-37AB-452E-BC6F-EC1363037F32}.Debug|Any CPU.Build.0 = Debug|Any CPU
		{39C0E422-37AB-452E-BC6F-EC1363037F32}.Release|Any CPU.ActiveCfg = Release|Any CPU
		{39C0E422-37AB-452E-BC6F-EC1363037F32}.Release|Any CPU.Build.0 = Release|Any CPU
	EndGlobalSection
	GlobalSection(SolutionProperties) = preSolution
		HideSolutionNode = FALSE
	EndGlobalSection
	GlobalSection(ExtensibilityGlobals) = postSolution
		SolutionGuid = {107331F3-551A-4B59-A52E-C41B67844418}
	EndGlobalSection
EndGlobal
